
Microsoft Visual Studio Solution File, Format Version 12.00
# Visual Studio 14
VisualStudioVersion = 14.0.25420.1
MinimumVisualStudioVersion = 10.0.40219.1
Project("{FAE04EC0-301F-11D3-BF4B-00C04F79EFBC}") = "CRUDExample", "CRUDExample\CRUDExample.csproj", "{07246B51-4574-435A-9D82-F86AC7A9BF9B}"
EndProject
Project("{FAE04EC0-301F-11D3-BF4B-00C04F79EFBC}") = "GUI", "GUI\GUI.csproj", "{49C73996-FC8C-4B3C-ABDC-E5A56EB0898D}"
EndProject
Global
	GlobalSection(SolutionConfigurationPlatforms) = preSolution
		Debug|Any CPU = Debug|Any CPU
		Release|Any CPU = Release|Any CPU
	EndGlobalSection
	GlobalSection(ProjectConfigurationPlatforms) = postSolution
		{07246B51-4574-435A-9D82-F86AC7A9BF9B}.Debug|Any CPU.ActiveCfg = Debug|Any CPU
		{07246B51-4574-435A-9D82-F86AC7A9BF9B}.Debug|Any CPU.Build.0 = Debug|Any CPU
		{07246B51-4574-435A-9D82-F86AC7A9BF9B}.Release|Any CPU.ActiveCfg = Release|Any CPU
		{07246B51-4574-435A-9D82-F86AC7A9BF9B}.Release|Any CPU.Build.0 = Release|Any CPU
		{49C73996-FC8C-4B3C-ABDC-E5A56EB0898D}.Debug|Any CPU.ActiveCfg = Debug|Any CPU
		{49C73996-FC8C-4B3C-ABDC-E5A56EB0898D}.Debug|Any CPU.Build.0 = Debug|Any CPU
		{49C73996-FC8C-4B3C-ABDC-E5A56EB0898D}.Release|Any CPU.ActiveCfg = Release|Any CPU
		{49C73996-FC8C-4B3C-ABDC-E5A56EB0898D}.Release|Any CPU.Build.0 = Release|Any CPU
	EndGlobalSection
	GlobalSection(SolutionProperties) = preSolution
		HideSolutionNode = FALSE
	EndGlobalSection
EndGlobal
