
Microsoft Visual Studio Solution File, Format Version 12.00
# Visual Studio Version 17
VisualStudioVersion = 17.8.34525.116
MinimumVisualStudioVersion = 10.0.40219.1
Project("{FAE04EC0-301F-11D3-BF4B-00C04F79EFBC}") = "ConsoleApp1", "ConsoleApp1\ConsoleApp1.csproj", "{7C98E3DE-5F25-44EC-8D4F-1A4A77157917}"
EndProject
Global
	GlobalSection(SolutionConfigurationPlatforms) = preSolution
		Debug|Any CPU = Debug|Any CPU
		Release|Any CPU = Release|Any CPU
	EndGlobalSection
	GlobalSection(ProjectConfigurationPlatforms) = postSolution
		{7C98E3DE-5F25-44EC-8D4F-1A4A77157917}.Debug|Any CPU.ActiveCfg = Debug|Any CPU
		{7C98E3DE-5F25-44EC-8D4F-1A4A77157917}.Debug|Any CPU.Build.0 = Debug|Any CPU
		{7C98E3DE-5F25-44EC-8D4F-1A4A77157917}.Release|Any CPU.ActiveCfg = Release|Any CPU
		{7C98E3DE-5F25-44EC-8D4F-1A4A77157917}.Release|Any CPU.Build.0 = Release|Any CPU
	EndGlobalSection
	GlobalSection(SolutionProperties) = preSolution
		HideSolutionNode = FALSE
	EndGlobalSection
	GlobalSection(ExtensibilityGlobals) = postSolution
		SolutionGuid = {9F3E664D-487E-4B02-ACC5-301186FDE9EE}
	EndGlobalSection
EndGlobal
